
Microsoft Visual Studio Solution File, Format Version 12.00
# Visual Studio Version 16
VisualStudioVersion = 16.0.31112.23
MinimumVisualStudioVersion = 10.0.40219.1
Project("{FAE04EC0-301F-11D3-BF4B-00C04F79EFBC}") = "ProyectoReporte", "ProyectoReporte.csproj", "{5F16749E-3E03-4777-9A2C-740703496CDE}"
EndProject
Global
	GlobalSection(SolutionConfigurationPlatforms) = preSolution
		Debug|Any CPU = Debug|Any CPU
		Release|Any CPU = Release|Any CPU
	EndGlobalSection
	GlobalSection(ProjectConfigurationPlatforms) = postSolution
		{5F16749E-3E03-4777-9A2C-740703496CDE}.Debug|Any CPU.ActiveCfg = Debug|Any CPU
		{5F16749E-3E03-4777-9A2C-740703496CDE}.Debug|Any CPU.Build.0 = Debug|Any CPU
		{5F16749E-3E03-4777-9A2C-740703496CDE}.Release|Any CPU.ActiveCfg = Release|Any CPU
		{5F16749E-3E03-4777-9A2C-740703496CDE}.Release|Any CPU.Build.0 = Release|Any CPU
	EndGlobalSection
	GlobalSection(SolutionProperties) = preSolution
		HideSolutionNode = FALSE
	EndGlobalSection
	GlobalSection(ExtensibilityGlobals) = postSolution
		SolutionGuid = {405DF4DF-52E8-43BB-AC66-10E0F3E79FD5}
	EndGlobalSection
EndGlobal
